
Microsoft Visual Studio Solution File, Format Version 12.00
# Visual Studio Version 17
VisualStudioVersion = 17.7.34018.315
MinimumVisualStudioVersion = 10.0.40219.1
Project("{FAE04EC0-301F-11D3-BF4B-00C04F79EFBC}") = "Assignment10", "Assignment10\Assignment10.csproj", "{040D3027-2914-4BEA-B0A5-2F139D861587}"
EndProject
Global
	GlobalSection(SolutionConfigurationPlatforms) = preSolution
		Debug|Any CPU = Debug|Any CPU
		Release|Any CPU = Release|Any CPU
	EndGlobalSection
	GlobalSection(ProjectConfigurationPlatforms) = postSolution
		{040D3027-2914-4BEA-B0A5-2F139D861587}.Debug|Any CPU.ActiveCfg = Debug|Any CPU
		{040D3027-2914-4BEA-B0A5-2F139D861587}.Debug|Any CPU.Build.0 = Debug|Any CPU
		{040D3027-2914-4BEA-B0A5-2F139D861587}.Release|Any CPU.ActiveCfg = Release|Any CPU
		{040D3027-2914-4BEA-B0A5-2F139D861587}.Release|Any CPU.Build.0 = Release|Any CPU
	EndGlobalSection
	GlobalSection(SolutionProperties) = preSolution
		HideSolutionNode = FALSE
	EndGlobalSection
	GlobalSection(ExtensibilityGlobals) = postSolution
		SolutionGuid = {38D34C16-D2BC-4877-9C6D-D84E46E57567}
	EndGlobalSection
EndGlobal
